// !$*UTF8*$!
{
	archiveVersion = 1;
	classes = {
	};
	objectVersion = 77;
	objects = {

/* Begin PBXBuildFile section */
		0015D9FA703D2168F0C276F2 /* libtts.dylib in Embed DECtalk Engine */ = {isa = PBXBuildFile; fileRef = D842A65478560B6267591B97 /* libtts.dylib */; settings = {ATTRIBUTES = (CodeSignOnCopy, ); }; };
		280C9C157D54F43F7573BA0B /* libtts_us.so in Embed DECtalk Engine */ = {isa = PBXBuildFile; fileRef = C325265BC224DB810A6AF315 /* libtts_us.so */; settings = {ATTRIBUTES = (CodeSignOnCopy, ); }; };
		E98F395E2EE29796000F37FF /* DECtalkExtension.appex in Embed Foundation Extensions */ = {isa = PBXBuildFile; fileRef = E98F395D2EE29796000F37FF /* DECtalkExtension.appex */; settings = {ATTRIBUTES = (RemoveHeadersOnCopy, ); }; };
		98A62AD43655BEF707168096 /* dectalk-dist in Embed DECtalk CLI */ = {isa = PBXBuildFile; fileRef = 2E7861451465E61D11E99F5F /* dectalk-dist */; settings = {ATTRIBUTES = (CodeSignOnCopy, ); }; };
/* End PBXBuildFile section */

/* Begin PBXContainerItemProxy section */
		E98F39482EE29796000F37FF /* PBXContainerItemProxy */ = {
			isa = PBXContainerItemProxy;
			containerPortal = E98F39142EE29795000F37FF /* Project object */;
			proxyType = 1;
			remoteGlobalIDString = E98F391B2EE29795000F37FF;
			remoteInfo = DECtalk;
		};
		E98F39522EE29796000F37FF /* PBXContainerItemProxy */ = {
			isa = PBXContainerItemProxy;
			containerPortal = E98F39142EE29795000F37FF /* Project object */;
			proxyType = 1;
			remoteGlobalIDString = E98F391B2EE29795000F37FF;
			remoteInfo = DECtalk;
		};
		E98F395F2EE29796000F37FF /* PBXContainerItemProxy */ = {
			isa = PBXContainerItemProxy;
			containerPortal = E98F39142EE29795000F37FF /* Project object */;
			proxyType = 1;
			remoteGlobalIDString = E98F395C2EE29796000F37FF;
			remoteInfo = DECtalkExtension;
		};
/* End PBXContainerItemProxy section */

/* Begin PBXCopyFilesBuildPhase section */
		9F943963068D7C5502841CD4 /* Embed DECtalk Engine */ = {
			isa = PBXCopyFilesBuildPhase;
			buildActionMask = 2147483647;
			dstPath = "";
			dstSubfolderSpec = 10;
			files = (
				0015D9FA703D2168F0C276F2 /* libtts.dylib in Embed DECtalk Engine */,
				280C9C157D54F43F7573BA0B /* libtts_us.so in Embed DECtalk Engine */,
			);
			name = "Embed DECtalk Engine";
			runOnlyForDeploymentPostprocessing = 0;
		};
		E98F39852EE29796000F37FF /* Embed Foundation Extensions */ = {
			isa = PBXCopyFilesBuildPhase;
			buildActionMask = 2147483647;
			dstPath = "";
			dstSubfolderSpec = 13;
			files = (
				E98F395E2EE29796000F37FF /* DECtalkExtension.appex in Embed Foundation Extensions */,
			);
			name = "Embed Foundation Extensions";
			runOnlyForDeploymentPostprocessing = 0;
		};
		7A79AAF465C116901B6B5694 /* Embed DECtalk CLI */ = {
			isa = PBXCopyFilesBuildPhase;
			buildActionMask = 2147483647;
			dstPath = "";
			dstSubfolderSpec = 7;
			files = (
				98A62AD43655BEF707168096 /* dectalk-dist in Embed DECtalk CLI */,
			);
			name = "Embed DECtalk CLI";
			runOnlyForDeploymentPostprocessing = 0;
		};
/* End PBXCopyFilesBuildPhase section */

/* Begin PBXFileReference section */
		2E7861451465E61D11E99F5F /* dectalk-dist */ = {isa = PBXFileReference; includeInIndex = 1; lastKnownFileType = folder; name = "dectalk-dist"; path = "DECtalk/dectalk-dist"; sourceTree = SOURCE_ROOT; };
		C325265BC224DB810A6AF315 /* libtts_us.so */ = {isa = PBXFileReference; includeInIndex = 1; name = libtts_us.so; path = DECtalkExtension/lib/libtts_us.so; sourceTree = SOURCE_ROOT; };
		D842A65478560B6267591B97 /* libtts.dylib */ = {isa = PBXFileReference; includeInIndex = 1; lastKnownFileType = "compiled.mach-o.dylib"; name = libtts.dylib; path = DECtalkExtension/lib/libtts.dylib; sourceTree = SOURCE_ROOT; };
		E98F391C2EE29795000F37FF /* DECtalk.app */ = {isa = PBXFileReference; explicitFileType = wrapper.application; includeInIndex = 0; path = DECtalk.app; sourceTree = BUILT_PRODUCTS_DIR; };
		E98F39472EE29796000F37FF /* DECtalkTests.xctest */ = {isa = PBXFileReference; explicitFileType = wrapper.cfbundle; includeInIndex = 0; path = DECtalkTests.xctest; sourceTree = BUILT_PRODUCTS_DIR; };
		E98F39512EE29796000F37FF /* DECtalkUITests.xctest */ = {isa = PBXFileReference; explicitFileType = wrapper.cfbundle; includeInIndex = 0; path = DECtalkUITests.xctest; sourceTree = BUILT_PRODUCTS_DIR; };
		E98F395D2EE29796000F37FF /* DECtalkExtension.appex */ = {isa = PBXFileReference; explicitFileType = "wrapper.app-extension"; includeInIndex = 0; path = DECtalkExtension.appex; sourceTree = BUILT_PRODUCTS_DIR; };
/* End PBXFileReference section */

/* Begin PBXFileSystemSynchronizedBuildFileExceptionSet section */
		E98F397F2EE29796000F37FF /* Exceptions for "DECtalkExtension" folder in "DECtalkExtension" target */ = {
			isa = PBXFileSystemSynchronizedBuildFileExceptionSet;
			membershipExceptions = (
				Info.plist,
			);
			target = E98F395C2EE29796000F37FF /* DECtalkExtension */;
		};
		1DA957F0B585198A533EED1D /* Exceptions for "DECtalk" folder in "DECtalk" target */ = {
			isa = PBXFileSystemSynchronizedBuildFileExceptionSet;
			membershipExceptions = (
				"dectalk-dist/DECtalk.conf",
				"dectalk-dist/aclock",
				"dectalk-dist/dic/dtalk_fr.dic",
				"dectalk-dist/dic/dtalk_fr_5.dic",
				"dectalk-dist/dic/dtalk_gr.dic",
				"dectalk-dist/dic/dtalk_gr_5.dic",
				"dectalk-dist/dic/dtalk_la.dic",
				"dectalk-dist/dic/dtalk_la_5.dic",
				"dectalk-dist/dic/dtalk_sp.dic",
				"dectalk-dist/dic/dtalk_sp_5.dic",
				"dectalk-dist/dic/dtalk_uk.dic",
				"dectalk-dist/dic/dtalk_uk_5.dic",
				"dectalk-dist/dic/dtalk_us.dic",
				"dectalk-dist/dic/dtalk_us_1997.dic",
				"dectalk-dist/dic/dtalk_us_2001.dic",
				"dectalk-dist/dic/dtalk_us_2002.dic",
				"dectalk-dist/dic/dtalk_us_5.dic",
				"dectalk-dist/dic/dtalk_us_s_1997.dic",
				"dectalk-dist/dic/dtalk_us_s_1998.dic",
				"dectalk-dist/lib/libtts.dylib",
				"dectalk-dist/lib/libtts_us.so",
				"dectalk-dist/say",
			);
			target = E98F391B2EE29795000F37FF /* DECtalk */;
		};
/* End PBXFileSystemSynchronizedBuildFileExceptionSet section */

/* Begin PBXFileSystemSynchronizedRootGroup section */
		E98F391E2EE29795000F37FF /* DECtalk */ = {
			isa = PBXFileSystemSynchronizedRootGroup;
			exceptions = (
				1DA957F0B585198A533EED1D /* Exceptions for "DECtalk" folder in "DECtalk" target */,
			);
			path = DECtalk;
			sourceTree = "<group>";
		};
		E98F394A2EE29796000F37FF /* DECtalkTests */ = {
			isa = PBXFileSystemSynchronizedRootGroup;
			exceptions = (
			);
			path = DECtalkTests;
			sourceTree = "<group>";
		};
		E98F39542EE29796000F37FF /* DECtalkUITests */ = {
			isa = PBXFileSystemSynchronizedRootGroup;
			exceptions = (
			);
			path = DECtalkUITests;
			sourceTree = "<group>";
		};
		E98F39612EE29796000F37FF /* DECtalkExtension */ = {
			isa = PBXFileSystemSynchronizedRootGroup;
			exceptions = (
				E98F397F2EE29796000F37FF /* Exceptions for "DECtalkExtension" folder in "DECtalkExtension" target */,
			);
			path = DECtalkExtension;
			sourceTree = "<group>";
		};
/* End PBXFileSystemSynchronizedRootGroup section */

/* Begin PBXFrameworksBuildPhase section */
		E98F39192EE29795000F37FF /* Frameworks */ = {
			isa = PBXFrameworksBuildPhase;
			buildActionMask = 2147483647;
			files = (
			);
			runOnlyForDeploymentPostprocessing = 0;
		};
		E98F39442EE29796000F37FF /* Frameworks */ = {
			isa = PBXFrameworksBuildPhase;
			buildActionMask = 2147483647;
			files = (
			);
			runOnlyForDeploymentPostprocessing = 0;
		};
		E98F394E2EE29796000F37FF /* Frameworks */ = {
			isa = PBXFrameworksBuildPhase;
			buildActionMask = 2147483647;
			files = (
			);
			runOnlyForDeploymentPostprocessing = 0;
		};
		E98F395A2EE29796000F37FF /* Frameworks */ = {
			isa = PBXFrameworksBuildPhase;
			buildActionMask = 2147483647;
			files = (
			);
			runOnlyForDeploymentPostprocessing = 0;
		};
/* End PBXFrameworksBuildPhase section */

/* Begin PBXGroup section */
		383CC47FE1BA60F54436CC78 /* Frameworks */ = {
			isa = PBXGroup;
			children = (
				D842A65478560B6267591B97 /* libtts.dylib */,
				C325265BC224DB810A6AF315 /* libtts_us.so */,
				2E7861451465E61D11E99F5F /* dectalk-dist */,
			);
			name = Frameworks;
			sourceTree = "<group>";
		};
		E98F39132EE29795000F37FF = {
			isa = PBXGroup;
			children = (
				E98F391E2EE29795000F37FF /* DECtalk */,
				E98F394A2EE29796000F37FF /* DECtalkTests */,
				E98F39542EE29796000F37FF /* DECtalkUITests */,
				E98F39612EE29796000F37FF /* DECtalkExtension */,
				E98F391D2EE29795000F37FF /* Products */,
				383CC47FE1BA60F54436CC78 /* Frameworks */,
			);
			sourceTree = "<group>";
		};
		E98F391D2EE29795000F37FF /* Products */ = {
			isa = PBXGroup;
			children = (
				E98F391C2EE29795000F37FF /* DECtalk.app */,
				E98F39472EE29796000F37FF /* DECtalkTests.xctest */,
				E98F39512EE29796000F37FF /* DECtalkUITests.xctest */,
				E98F395D2EE29796000F37FF /* DECtalkExtension.appex */,
			);
			name = Products;
			sourceTree = "<group>";
		};
/* End PBXGroup section */

/* Begin PBXNativeTarget section */
		E98F391B2EE29795000F37FF /* DECtalk */ = {
			isa = PBXNativeTarget;
			buildConfigurationList = E98F39862EE29796000F37FF /* Build configuration list for PBXNativeTarget "DECtalk" */;
			buildPhases = (
				E98F39182EE29795000F37FF /* Sources */,
				E98F39192EE29795000F37FF /* Frameworks */,
				E98F391A2EE29795000F37FF /* Resources */,
				E98F39852EE29796000F37FF /* Embed Foundation Extensions */,
				7A79AAF465C116901B6B5694 /* Embed DECtalk CLI */,
			);
			buildRules = (
			);
			dependencies = (
				E98F39602EE29796000F37FF /* PBXTargetDependency */,
			);
			fileSystemSynchronizedGroups = (
				E98F391E2EE29795000F37FF /* DECtalk */,
			);
			name = DECtalk;
			productName = DECtalk;
			productReference = E98F391C2EE29795000F37FF /* DECtalk.app */;
			productType = "com.apple.product-type.application";
		};
		E98F39462EE29796000F37FF /* DECtalkTests */ = {
			isa = PBXNativeTarget;
			buildConfigurationList = E98F39892EE29796000F37FF /* Build configuration list for PBXNativeTarget "DECtalkTests" */;
			buildPhases = (
				E98F39432EE29796000F37FF /* Sources */,
				E98F39442EE29796000F37FF /* Frameworks */,
				E98F39452EE29796000F37FF /* Resources */,
			);
			buildRules = (
			);
			dependencies = (
				E98F39492EE29796000F37FF /* PBXTargetDependency */,
			);
			fileSystemSynchronizedGroups = (
				E98F394A2EE29796000F37FF /* DECtalkTests */,
			);
			name = DECtalkTests;
			productName = DECtalkTests;
			productReference = E98F39472EE29796000F37FF /* DECtalkTests.xctest */;
			productType = "com.apple.product-type.bundle.unit-test";
		};
		E98F39502EE29796000F37FF /* DECtalkUITests */ = {
			isa = PBXNativeTarget;
			buildConfigurationList = E98F398C2EE29796000F37FF /* Build configuration list for PBXNativeTarget "DECtalkUITests" */;
			buildPhases = (
				E98F394D2EE29796000F37FF /* Sources */,
				E98F394E2EE29796000F37FF /* Frameworks */,
				E98F394F2EE29796000F37FF /* Resources */,
			);
			buildRules = (
			);
			dependencies = (
				E98F39532EE29796000F37FF /* PBXTargetDependency */,
			);
			fileSystemSynchronizedGroups = (
				E98F39542EE29796000F37FF /* DECtalkUITests */,
			);
			name = DECtalkUITests;
			productName = DECtalkUITests;
			productReference = E98F39512EE29796000F37FF /* DECtalkUITests.xctest */;
			productType = "com.apple.product-type.bundle.ui-testing";
		};
		E98F395C2EE29796000F37FF /* DECtalkExtension */ = {
			isa = PBXNativeTarget;
			buildConfigurationList = E98F39802EE29796000F37FF /* Build configuration list for PBXNativeTarget "DECtalkExtension" */;
			buildPhases = (
				E98F39592EE29796000F37FF /* Sources */,
				E98F395A2EE29796000F37FF /* Frameworks */,
				E98F395B2EE29796000F37FF /* Resources */,
				9F943963068D7C5502841CD4 /* Embed DECtalk Engine */,
			);
			buildRules = (
			);
			dependencies = (
			);
			fileSystemSynchronizedGroups = (
				E98F39612EE29796000F37FF /* DECtalkExtension */,
			);
			name = DECtalkExtension;
			productName = DECtalkExtension;
			productReference = E98F395D2EE29796000F37FF /* DECtalkExtension.appex */;
			productType = "com.apple.product-type.app-extension";
		};
/* End PBXNativeTarget section */

/* Begin PBXProject section */
		E98F39142EE29795000F37FF /* Project object */ = {
			isa = PBXProject;
			attributes = {
				BuildIndependentTargetsInParallel = 1;
				LastSwiftUpdateCheck = 2600;
				LastUpgradeCheck = 2600;
				TargetAttributes = {
					E98F391B2EE29795000F37FF = {
						CreatedOnToolsVersion = 26.0;
					};
					E98F39462EE29796000F37FF = {
						CreatedOnToolsVersion = 26.0;
						TestTargetID = E98F391B2EE29795000F37FF;
					};
					E98F39502EE29796000F37FF = {
						CreatedOnToolsVersion = 26.0;
						TestTargetID = E98F391B2EE29795000F37FF;
					};
					E98F395C2EE29796000F37FF = {
						CreatedOnToolsVersion = 26.0;
					};
				};
			};
			buildConfigurationList = E98F39172EE29795000F37FF /* Build configuration list for PBXProject "DECtalk" */;
			developmentRegion = en;
			hasScannedForEncodings = 0;
			knownRegions = (
				en,
				Base,
			);
			mainGroup = E98F39132EE29795000F37FF;
			minimizedProjectReferenceProxies = 1;
			preferredProjectObjectVersion = 77;
			productRefGroup = E98F391D2EE29795000F37FF /* Products */;
			projectDirPath = "";
			projectRoot = "";
			targets = (
				E98F391B2EE29795000F37FF /* DECtalk */,
				E98F39462EE29796000F37FF /* DECtalkTests */,
				E98F39502EE29796000F37FF /* DECtalkUITests */,
				E98F395C2EE29796000F37FF /* DECtalkExtension */,
			);
		};
/* End PBXProject section */

/* Begin PBXResourcesBuildPhase section */
		E98F391A2EE29795000F37FF /* Resources */ = {
			isa = PBXResourcesBuildPhase;
			buildActionMask = 2147483647;
			files = (
			);
			runOnlyForDeploymentPostprocessing = 0;
		};
		E98F39452EE29796000F37FF /* Resources */ = {
			isa = PBXResourcesBuildPhase;
			buildActionMask = 2147483647;
			files = (
			);
			runOnlyForDeploymentPostprocessing = 0;
		};
		E98F394F2EE29796000F37FF /* Resources */ = {
			isa = PBXResourcesBuildPhase;
			buildActionMask = 2147483647;
			files = (
			);
			runOnlyForDeploymentPostprocessing = 0;
		};
		E98F395B2EE29796000F37FF /* Resources */ = {
			isa = PBXResourcesBuildPhase;
			buildActionMask = 2147483647;
			files = (
			);
			runOnlyForDeploymentPostprocessing = 0;
		};
/* End PBXResourcesBuildPhase section */

/* Begin PBXSourcesBuildPhase section */
		E98F39182EE29795000F37FF /* Sources */ = {
			isa = PBXSourcesBuildPhase;
			buildActionMask = 2147483647;
			files = (
			);
			runOnlyForDeploymentPostprocessing = 0;
		};
		E98F39432EE29796000F37FF /* Sources */ = {
			isa = PBXSourcesBuildPhase;
			buildActionMask = 2147483647;
			files = (
			);
			runOnlyForDeploymentPostprocessing = 0;
		};
		E98F394D2EE29796000F37FF /* Sources */ = {
			isa = PBXSourcesBuildPhase;
			buildActionMask = 2147483647;
			files = (
			);
			runOnlyForDeploymentPostprocessing = 0;
		};
		E98F39592EE29796000F37FF /* Sources */ = {
			isa = PBXSourcesBuildPhase;
			buildActionMask = 2147483647;
			files = (
			);
			runOnlyForDeploymentPostprocessing = 0;
		};
/* End PBXSourcesBuildPhase section */

/* Begin PBXTargetDependency section */
		E98F39492EE29796000F37FF /* PBXTargetDependency */ = {
			isa = PBXTargetDependency;
			target = E98F391B2EE29795000F37FF /* DECtalk */;
			targetProxy = E98F39482EE29796000F37FF /* PBXContainerItemProxy */;
		};
		E98F39532EE29796000F37FF /* PBXTargetDependency */ = {
			isa = PBXTargetDependency;
			target = E98F391B2EE29795000F37FF /* DECtalk */;
			targetProxy = E98F39522EE29796000F37FF /* PBXContainerItemProxy */;
		};
		E98F39602EE29796000F37FF /* PBXTargetDependency */ = {
			isa = PBXTargetDependency;
			target = E98F395C2EE29796000F37FF /* DECtalkExtension */;
			targetProxy = E98F395F2EE29796000F37FF /* PBXContainerItemProxy */;
		};
/* End PBXTargetDependency section */

/* Begin XCBuildConfiguration section */
		E98F39812EE29796000F37FF /* Debug */ = {
			isa = XCBuildConfiguration;
			buildSettings = {
				CLANG_CXX_LANGUAGE_STANDARD = "c++20";
				CLANG_CXX_LIBRARY = "libc++";
				CODE_SIGN_STYLE = Automatic;
				CURRENT_PROJECT_VERSION = 1;
				DEVELOPMENT_TEAM = 68Z6A6ACWF;
				ENABLE_APP_SANDBOX = YES;
				ENABLE_HARDENED_RUNTIME = YES;
				ENABLE_USER_SELECTED_FILES = readonly;
				GENERATE_INFOPLIST_FILE = YES;
				INFOPLIST_FILE = DECtalkExtension/Info.plist;
				INFOPLIST_KEY_CFBundleDisplayName = DECtalkExtension;
				INFOPLIST_KEY_NSHumanReadableCopyright = "";
				IPHONEOS_DEPLOYMENT_TARGET = 26.0;
				LD_RUNPATH_SEARCH_PATHS = (
					"$(inherited)",
					"@executable_path/Frameworks",
					"@executable_path/../../Frameworks",
				);
				"LD_RUNPATH_SEARCH_PATHS[sdk=macosx*]" = (
					"$(inherited)",
					"@executable_path/../Frameworks",
					"@executable_path/../../../../Frameworks",
				);
				MACOSX_DEPLOYMENT_TARGET = 26.0;
				MARKETING_VERSION = 1.0;
				PRODUCT_BUNDLE_IDENTIFIER = CamdenBopp.DECtalk.DECtalkExtension;
				PRODUCT_NAME = "$(TARGET_NAME)";
				SDKROOT = auto;
				SKIP_INSTALL = YES;
				STRING_CATALOG_GENERATE_SYMBOLS = YES;
				SUPPORTED_PLATFORMS = "iphoneos iphonesimulator macosx xros xrsimulator";
				SWIFT_APPROACHABLE_CONCURRENCY = YES;
				SWIFT_EMIT_LOC_STRINGS = YES;
				SWIFT_OBJC_BRIDGING_HEADER = "DECtalkExtension/Common/DECtalkExtension-Bridging-Header.h";
				SWIFT_OBJC_INTEROP_MODE = objcxx;
				SWIFT_UPCOMING_FEATURE_MEMBER_IMPORT_VISIBILITY = YES;
				SWIFT_VERSION = 5.0;
				TARGETED_DEVICE_FAMILY = "1,2,7";
				XROS_DEPLOYMENT_TARGET = 26.0;
			};
			name = Debug;
		};
		E98F39822EE29796000F37FF /* Release */ = {
			isa = XCBuildConfiguration;
			buildSettings = {
				CLANG_CXX_LANGUAGE_STANDARD = "c++20";
				CLANG_CXX_LIBRARY = "libc++";
				CODE_SIGN_STYLE = Automatic;
				CURRENT_PROJECT_VERSION = 1;
				DEVELOPMENT_TEAM = 68Z6A6ACWF;
				ENABLE_APP_SANDBOX = YES;
				ENABLE_HARDENED_RUNTIME = YES;
				ENABLE_USER_SELECTED_FILES = readonly;
				GENERATE_INFOPLIST_FILE = YES;
				INFOPLIST_FILE = DECtalkExtension/Info.plist;
				INFOPLIST_KEY_CFBundleDisplayName = DECtalkExtension;
				INFOPLIST_KEY_NSHumanReadableCopyright = "";
				IPHONEOS_DEPLOYMENT_TARGET = 26.0;
				LD_RUNPATH_SEARCH_PATHS = (
					"$(inherited)",
					"@executable_path/Frameworks",
					"@executable_path/../../Frameworks",
				);
				"LD_RUNPATH_SEARCH_PATHS[sdk=macosx*]" = (
					"$(inherited)",
					"@executable_path/../Frameworks",
					"@executable_path/../../../../Frameworks",
				);
				MACOSX_DEPLOYMENT_TARGET = 26.0;
				MARKETING_VERSION = 1.0;
				PRODUCT_BUNDLE_IDENTIFIER = CamdenBopp.DECtalk.DECtalkExtension;
				PRODUCT_NAME = "$(TARGET_NAME)";
				SDKROOT = auto;
				SKIP_INSTALL = YES;
				STRING_CATALOG_GENERATE_SYMBOLS = YES;
				SUPPORTED_PLATFORMS = "iphoneos iphonesimulator macosx xros xrsimulator";
				SWIFT_APPROACHABLE_CONCURRENCY = YES;
				SWIFT_EMIT_LOC_STRINGS = YES;
				SWIFT_OBJC_BRIDGING_HEADER = "DECtalkExtension/Common/DECtalkExtension-Bridging-Header.h";
				SWIFT_OBJC_INTEROP_MODE = objcxx;
				SWIFT_UPCOMING_FEATURE_MEMBER_IMPORT_VISIBILITY = YES;
				SWIFT_VERSION = 5.0;
				TARGETED_DEVICE_FAMILY = "1,2,7";
				XROS_DEPLOYMENT_TARGET = 26.0;
			};
			name = Release;
		};
		E98F39832EE29796000F37FF /* Debug */ = {
			isa = XCBuildConfiguration;
			buildSettings = {
				ALWAYS_SEARCH_USER_PATHS = NO;
				ASSETCATALOG_COMPILER_GENERATE_SWIFT_ASSET_SYMBOL_EXTENSIONS = YES;
				CLANG_ANALYZER_NONNULL = YES;
				CLANG_ANALYZER_NUMBER_OBJECT_CONVERSION = YES_AGGRESSIVE;
				CLANG_CXX_LANGUAGE_STANDARD = "gnu++20";
				CLANG_ENABLE_MODULES = YES;
				CLANG_ENABLE_OBJC_ARC = YES;
				CLANG_ENABLE_OBJC_WEAK = YES;
				CLANG_WARN_BLOCK_CAPTURE_AUTORELEASING = YES;
				CLANG_WARN_BOOL_CONVERSION = YES;
				CLANG_WARN_COMMA = YES;
				CLANG_WARN_CONSTANT_CONVERSION = YES;
				CLANG_WARN_DEPRECATED_OBJC_IMPLEMENTATIONS = YES;
				CLANG_WARN_DIRECT_OBJC_ISA_USAGE = YES_ERROR;
				CLANG_WARN_DOCUMENTATION_COMMENTS = YES;
				CLANG_WARN_EMPTY_BODY = YES;
				CLANG_WARN_ENUM_CONVERSION = YES;
				CLANG_WARN_INFINITE_RECURSION = YES;
				CLANG_WARN_INT_CONVERSION = YES;
				CLANG_WARN_NON_LITERAL_NULL_CONVERSION = YES;
				CLANG_WARN_OBJC_IMPLICIT_RETAIN_SELF = YES;
				CLANG_WARN_OBJC_LITERAL_CONVERSION = YES;
				CLANG_WARN_OBJC_ROOT_CLASS = YES_ERROR;
				CLANG_WARN_QUOTED_INCLUDE_IN_FRAMEWORK_HEADER = YES;
				CLANG_WARN_RANGE_LOOP_ANALYSIS = YES;
				CLANG_WARN_STRICT_PROTOTYPES = YES;
				CLANG_WARN_SUSPICIOUS_MOVE = YES;
				CLANG_WARN_UNGUARDED_AVAILABILITY = YES_AGGRESSIVE;
				CLANG_WARN_UNREACHABLE_CODE = YES;
				CLANG_WARN__DUPLICATE_METHOD_MATCH = YES;
				COPY_PHASE_STRIP = NO;
				DEBUG_INFORMATION_FORMAT = dwarf;
				DEVELOPMENT_TEAM = 68Z6A6ACWF;
				ENABLE_STRICT_OBJC_MSGSEND = YES;
				ENABLE_TESTABILITY = YES;
				ENABLE_USER_SCRIPT_SANDBOXING = YES;
				GCC_C_LANGUAGE_STANDARD = gnu17;
				GCC_DYNAMIC_NO_PIC = NO;
				GCC_NO_COMMON_BLOCKS = YES;
				GCC_OPTIMIZATION_LEVEL = 0;
				GCC_PREPROCESSOR_DEFINITIONS = (
					"DEBUG=1",
					"$(inherited)",
				);
				GCC_WARN_64_TO_32_BIT_CONVERSION = YES;
				GCC_WARN_ABOUT_RETURN_TYPE = YES_ERROR;
				GCC_WARN_UNDECLARED_SELECTOR = YES;
				GCC_WARN_UNINITIALIZED_AUTOS = YES_AGGRESSIVE;
				GCC_WARN_UNUSED_FUNCTION = YES;
				GCC_WARN_UNUSED_VARIABLE = YES;
				LOCALIZATION_PREFERS_STRING_CATALOGS = YES;
				MTL_ENABLE_DEBUG_INFO = INCLUDE_SOURCE;
				MTL_FAST_MATH = YES;
				ONLY_ACTIVE_ARCH = YES;
				SWIFT_ACTIVE_COMPILATION_CONDITIONS = "DEBUG $(inherited)";
				SWIFT_OPTIMIZATION_LEVEL = "-Onone";
			};
			name = Debug;
		};
		E98F39842EE29796000F37FF /* Release */ = {
			isa = XCBuildConfiguration;
			buildSettings = {
				ALWAYS_SEARCH_USER_PATHS = NO;
				ASSETCATALOG_COMPILER_GENERATE_SWIFT_ASSET_SYMBOL_EXTENSIONS = YES;
				CLANG_ANALYZER_NONNULL = YES;
				CLANG_ANALYZER_NUMBER_OBJECT_CONVERSION = YES_AGGRESSIVE;
				CLANG_CXX_LANGUAGE_STANDARD = "gnu++20";
				CLANG_ENABLE_MODULES = YES;
				CLANG_ENABLE_OBJC_ARC = YES;
				CLANG_ENABLE_OBJC_WEAK = YES;
				CLANG_WARN_BLOCK_CAPTURE_AUTORELEASING = YES;
				CLANG_WARN_BOOL_CONVERSION = YES;
				CLANG_WARN_COMMA = YES;
				CLANG_WARN_CONSTANT_CONVERSION = YES;
				CLANG_WARN_DEPRECATED_OBJC_IMPLEMENTATIONS = YES;
				CLANG_WARN_DIRECT_OBJC_ISA_USAGE = YES_ERROR;
				CLANG_WARN_DOCUMENTATION_COMMENTS = YES;
				CLANG_WARN_EMPTY_BODY = YES;
				CLANG_WARN_ENUM_CONVERSION = YES;
				CLANG_WARN_INFINITE_RECURSION = YES;
				CLANG_WARN_INT_CONVERSION = YES;
				CLANG_WARN_NON_LITERAL_NULL_CONVERSION = YES;
				CLANG_WARN_OBJC_IMPLICIT_RETAIN_SELF = YES;
				CLANG_WARN_OBJC_LITERAL_CONVERSION = YES;
				CLANG_WARN_OBJC_ROOT_CLASS = YES_ERROR;
				CLANG_WARN_QUOTED_INCLUDE_IN_FRAMEWORK_HEADER = YES;
				CLANG_WARN_RANGE_LOOP_ANALYSIS = YES;
				CLANG_WARN_STRICT_PROTOTYPES = YES;
				CLANG_WARN_SUSPICIOUS_MOVE = YES;
				CLANG_WARN_UNGUARDED_AVAILABILITY = YES_AGGRESSIVE;
				CLANG_WARN_UNREACHABLE_CODE = YES;
				CLANG_WARN__DUPLICATE_METHOD_MATCH = YES;
				COPY_PHASE_STRIP = NO;
				DEBUG_INFORMATION_FORMAT = "dwarf-with-dsym";
				DEVELOPMENT_TEAM = 68Z6A6ACWF;
				ENABLE_NS_ASSERTIONS = NO;
				ENABLE_STRICT_OBJC_MSGSEND = YES;
				ENABLE_USER_SCRIPT_SANDBOXING = YES;
				GCC_C_LANGUAGE_STANDARD = gnu17;
				GCC_NO_COMMON_BLOCKS = YES;
				GCC_WARN_64_TO_32_BIT_CONVERSION = YES;
				GCC_WARN_ABOUT_RETURN_TYPE = YES_ERROR;
				GCC_WARN_UNDECLARED_SELECTOR = YES;
				GCC_WARN_UNINITIALIZED_AUTOS = YES_AGGRESSIVE;
				GCC_WARN_UNUSED_FUNCTION = YES;
				GCC_WARN_UNUSED_VARIABLE = YES;
				LOCALIZATION_PREFERS_STRING_CATALOGS = YES;
				MTL_ENABLE_DEBUG_INFO = NO;
				MTL_FAST_MATH = YES;
				SWIFT_COMPILATION_MODE = wholemodule;
			};
			name = Release;
		};
		E98F39872EE29796000F37FF /* Debug */ = {
			isa = XCBuildConfiguration;
			buildSettings = {
				ASSETCATALOG_COMPILER_APPICON_NAME = AppIcon;
				ASSETCATALOG_COMPILER_GLOBAL_ACCENT_COLOR_NAME = AccentColor;
				CODE_SIGN_ENTITLEMENTS = DECtalk/DECtalk.entitlements;
				CODE_SIGN_STYLE = Automatic;
				CURRENT_PROJECT_VERSION = 1;
				DEVELOPMENT_TEAM = 68Z6A6ACWF;
				ENABLE_APP_SANDBOX = YES;
				ENABLE_HARDENED_RUNTIME = YES;
				ENABLE_OUTGOING_NETWORK_CONNECTIONS = YES;
				ENABLE_PREVIEWS = YES;
				ENABLE_USER_SELECTED_FILES = readonly;
				GENERATE_INFOPLIST_FILE = YES;
				INFOPLIST_KEY_CFBundleDisplayName = DECtalk;
				"INFOPLIST_KEY_UIApplicationSceneManifest_Generation[sdk=iphoneos*]" = YES;
				"INFOPLIST_KEY_UIApplicationSceneManifest_Generation[sdk=iphonesimulator*]" = YES;
				"INFOPLIST_KEY_UIApplicationSupportsIndirectInputEvents[sdk=iphoneos*]" = YES;
				"INFOPLIST_KEY_UIApplicationSupportsIndirectInputEvents[sdk=iphonesimulator*]" = YES;
				"INFOPLIST_KEY_UILaunchScreen_Generation[sdk=iphoneos*]" = YES;
				"INFOPLIST_KEY_UILaunchScreen_Generation[sdk=iphonesimulator*]" = YES;
				"INFOPLIST_KEY_UIStatusBarStyle[sdk=iphoneos*]" = UIStatusBarStyleDefault;
				"INFOPLIST_KEY_UIStatusBarStyle[sdk=iphonesimulator*]" = UIStatusBarStyleDefault;
				INFOPLIST_KEY_UISupportedInterfaceOrientations_iPad = "UIInterfaceOrientationPortrait UIInterfaceOrientationPortraitUpsideDown UIInterfaceOrientationLandscapeLeft UIInterfaceOrientationLandscapeRight";
				INFOPLIST_KEY_UISupportedInterfaceOrientations_iPhone = "UIInterfaceOrientationPortrait UIInterfaceOrientationLandscapeLeft UIInterfaceOrientationLandscapeRight";
				IPHONEOS_DEPLOYMENT_TARGET = 26.0;
				LD_RUNPATH_SEARCH_PATHS = "@executable_path/Frameworks";
				"LD_RUNPATH_SEARCH_PATHS[sdk=macosx*]" = "@executable_path/../Frameworks";
				MACOSX_DEPLOYMENT_TARGET = 26.0;
				MARKETING_VERSION = 1.0;
				OTHER_LDFLAGS = (
					"-framework",
					AudioToolbox,
					"-framework",
					AVFoundation,
				);
				PRODUCT_BUNDLE_IDENTIFIER = CamdenBopp.DECtalk;
				PRODUCT_NAME = "$(TARGET_NAME)";
				REGISTER_APP_GROUPS = YES;
				SDKROOT = auto;
				STRING_CATALOG_GENERATE_SYMBOLS = YES;
				SUPPORTED_PLATFORMS = "iphoneos iphonesimulator macosx xros xrsimulator";
				SWIFT_APPROACHABLE_CONCURRENCY = YES;
				SWIFT_DEFAULT_ACTOR_ISOLATION = MainActor;
				SWIFT_EMIT_LOC_STRINGS = YES;
				SWIFT_UPCOMING_FEATURE_MEMBER_IMPORT_VISIBILITY = YES;
				SWIFT_VERSION = 5.0;
				TARGETED_DEVICE_FAMILY = "1,2,7";
				XROS_DEPLOYMENT_TARGET = 26.0;
			};
			name = Debug;
		};
		E98F39882EE29796000F37FF /* Release */ = {
			isa = XCBuildConfiguration;
			buildSettings = {
				ASSETCATALOG_COMPILER_APPICON_NAME = AppIcon;
				ASSETCATALOG_COMPILER_GLOBAL_ACCENT_COLOR_NAME = AccentColor;
				CODE_SIGN_ENTITLEMENTS = DECtalk/DECtalk.entitlements;
				CODE_SIGN_STYLE = Automatic;
				CURRENT_PROJECT_VERSION = 1;
				DEVELOPMENT_TEAM = 68Z6A6ACWF;
				ENABLE_APP_SANDBOX = YES;
				ENABLE_HARDENED_RUNTIME = YES;
				ENABLE_OUTGOING_NETWORK_CONNECTIONS = YES;
				ENABLE_PREVIEWS = YES;
				ENABLE_USER_SELECTED_FILES = readonly;
				GENERATE_INFOPLIST_FILE = YES;
				INFOPLIST_KEY_CFBundleDisplayName = DECtalk;
				"INFOPLIST_KEY_UIApplicationSceneManifest_Generation[sdk=iphoneos*]" = YES;
				"INFOPLIST_KEY_UIApplicationSceneManifest_Generation[sdk=iphonesimulator*]" = YES;
				"INFOPLIST_KEY_UIApplicationSupportsIndirectInputEvents[sdk=iphoneos*]" = YES;
				"INFOPLIST_KEY_UIApplicationSupportsIndirectInputEvents[sdk=iphonesimulator*]" = YES;
				"INFOPLIST_KEY_UILaunchScreen_Generation[sdk=iphoneos*]" = YES;
				"INFOPLIST_KEY_UILaunchScreen_Generation[sdk=iphonesimulator*]" = YES;
				"INFOPLIST_KEY_UIStatusBarStyle[sdk=iphoneos*]" = UIStatusBarStyleDefault;
				"INFOPLIST_KEY_UIStatusBarStyle[sdk=iphonesimulator*]" = UIStatusBarStyleDefault;
				INFOPLIST_KEY_UISupportedInterfaceOrientations_iPad = "UIInterfaceOrientationPortrait UIInterfaceOrientationPortraitUpsideDown UIInterfaceOrientationLandscapeLeft UIInterfaceOrientationLandscapeRight";
				INFOPLIST_KEY_UISupportedInterfaceOrientations_iPhone = "UIInterfaceOrientationPortrait UIInterfaceOrientationLandscapeLeft UIInterfaceOrientationLandscapeRight";
				IPHONEOS_DEPLOYMENT_TARGET = 26.0;
				LD_RUNPATH_SEARCH_PATHS = "@executable_path/Frameworks";
				"LD_RUNPATH_SEARCH_PATHS[sdk=macosx*]" = "@executable_path/../Frameworks";
				MACOSX_DEPLOYMENT_TARGET = 26.0;
				MARKETING_VERSION = 1.0;
				OTHER_LDFLAGS = (
					"-framework",
					AudioToolbox,
					"-framework",
					AVFoundation,
				);
				PRODUCT_BUNDLE_IDENTIFIER = CamdenBopp.DECtalk;
				PRODUCT_NAME = "$(TARGET_NAME)";
				REGISTER_APP_GROUPS = YES;
				SDKROOT = auto;
				STRING_CATALOG_GENERATE_SYMBOLS = YES;
				SUPPORTED_PLATFORMS = "iphoneos iphonesimulator macosx xros xrsimulator";
				SWIFT_APPROACHABLE_CONCURRENCY = YES;
				SWIFT_DEFAULT_ACTOR_ISOLATION = MainActor;
				SWIFT_EMIT_LOC_STRINGS = YES;
				SWIFT_UPCOMING_FEATURE_MEMBER_IMPORT_VISIBILITY = YES;
				SWIFT_VERSION = 5.0;
				TARGETED_DEVICE_FAMILY = "1,2,7";
				XROS_DEPLOYMENT_TARGET = 26.0;
			};
			name = Release;
		};
		E98F398A2EE29796000F37FF /* Debug */ = {
			isa = XCBuildConfiguration;
			buildSettings = {
				BUNDLE_LOADER = "$(TEST_HOST)";
				CODE_SIGN_STYLE = Automatic;
				CURRENT_PROJECT_VERSION = 1;
				DEVELOPMENT_TEAM = 68Z6A6ACWF;
				GENERATE_INFOPLIST_FILE = YES;
				IPHONEOS_DEPLOYMENT_TARGET = 26.0;
				MACOSX_DEPLOYMENT_TARGET = 26.0;
				MARKETING_VERSION = 1.0;
				PRODUCT_BUNDLE_IDENTIFIER = CamdenBopp.DECtalkTests;
				PRODUCT_NAME = "$(TARGET_NAME)";
				SDKROOT = auto;
				STRING_CATALOG_GENERATE_SYMBOLS = NO;
				SUPPORTED_PLATFORMS = "iphoneos iphonesimulator macosx xros xrsimulator";
				SWIFT_APPROACHABLE_CONCURRENCY = YES;
				SWIFT_EMIT_LOC_STRINGS = NO;
				SWIFT_UPCOMING_FEATURE_MEMBER_IMPORT_VISIBILITY = YES;
				SWIFT_VERSION = 5.0;
				TARGETED_DEVICE_FAMILY = "1,2,7";
				TEST_HOST = "$(BUILT_PRODUCTS_DIR)/DECtalk.app/$(BUNDLE_EXECUTABLE_FOLDER_PATH)/DECtalk";
				XROS_DEPLOYMENT_TARGET = 26.0;
			};
			name = Debug;
		};
		E98F398B2EE29796000F37FF /* Release */ = {
			isa = XCBuildConfiguration;
			buildSettings = {
				BUNDLE_LOADER = "$(TEST_HOST)";
				CODE_SIGN_STYLE = Automatic;
				CURRENT_PROJECT_VERSION = 1;
				DEVELOPMENT_TEAM = 68Z6A6ACWF;
				GENERATE_INFOPLIST_FILE = YES;
				IPHONEOS_DEPLOYMENT_TARGET = 26.0;
				MACOSX_DEPLOYMENT_TARGET = 26.0;
				MARKETING_VERSION = 1.0;
				PRODUCT_BUNDLE_IDENTIFIER = CamdenBopp.DECtalkTests;
				PRODUCT_NAME = "$(TARGET_NAME)";
				SDKROOT = auto;
				STRING_CATALOG_GENERATE_SYMBOLS = NO;
				SUPPORTED_PLATFORMS = "iphoneos iphonesimulator macosx xros xrsimulator";
				SWIFT_APPROACHABLE_CONCURRENCY = YES;
				SWIFT_EMIT_LOC_STRINGS = NO;
				SWIFT_UPCOMING_FEATURE_MEMBER_IMPORT_VISIBILITY = YES;
				SWIFT_VERSION = 5.0;
				TARGETED_DEVICE_FAMILY = "1,2,7";
				TEST_HOST = "$(BUILT_PRODUCTS_DIR)/DECtalk.app/$(BUNDLE_EXECUTABLE_FOLDER_PATH)/DECtalk";
				XROS_DEPLOYMENT_TARGET = 26.0;
			};
			name = Release;
		};
		E98F398D2EE29796000F37FF /* Debug */ = {
			isa = XCBuildConfiguration;
			buildSettings = {
				CODE_SIGN_STYLE = Automatic;
				CURRENT_PROJECT_VERSION = 1;
				DEVELOPMENT_TEAM = 68Z6A6ACWF;
				GENERATE_INFOPLIST_FILE = YES;
				IPHONEOS_DEPLOYMENT_TARGET = 26.0;
				MACOSX_DEPLOYMENT_TARGET = 26.0;
				MARKETING_VERSION = 1.0;
				PRODUCT_BUNDLE_IDENTIFIER = CamdenBopp.DECtalkUITests;
				PRODUCT_NAME = "$(TARGET_NAME)";
				SDKROOT = auto;
				STRING_CATALOG_GENERATE_SYMBOLS = NO;
				SUPPORTED_PLATFORMS = "iphoneos iphonesimulator macosx xros xrsimulator";
				SWIFT_APPROACHABLE_CONCURRENCY = YES;
				SWIFT_EMIT_LOC_STRINGS = NO;
				SWIFT_UPCOMING_FEATURE_MEMBER_IMPORT_VISIBILITY = YES;
				SWIFT_VERSION = 5.0;
				TARGETED_DEVICE_FAMILY = "1,2,7";
				TEST_TARGET_NAME = DECtalk;
				XROS_DEPLOYMENT_TARGET = 26.0;
			};
			name = Debug;
		};
		E98F398E2EE29796000F37FF /* Release */ = {
			isa = XCBuildConfiguration;
			buildSettings = {
				CODE_SIGN_STYLE = Automatic;
				CURRENT_PROJECT_VERSION = 1;
				DEVELOPMENT_TEAM = 68Z6A6ACWF;
				GENERATE_INFOPLIST_FILE = YES;
				IPHONEOS_DEPLOYMENT_TARGET = 26.0;
				MACOSX_DEPLOYMENT_TARGET = 26.0;
				MARKETING_VERSION = 1.0;
				PRODUCT_BUNDLE_IDENTIFIER = CamdenBopp.DECtalkUITests;
				PRODUCT_NAME = "$(TARGET_NAME)";
				SDKROOT = auto;
				STRING_CATALOG_GENERATE_SYMBOLS = NO;
				SUPPORTED_PLATFORMS = "iphoneos iphonesimulator macosx xros xrsimulator";
				SWIFT_APPROACHABLE_CONCURRENCY = YES;
				SWIFT_EMIT_LOC_STRINGS = NO;
				SWIFT_UPCOMING_FEATURE_MEMBER_IMPORT_VISIBILITY = YES;
				SWIFT_VERSION = 5.0;
				TARGETED_DEVICE_FAMILY = "1,2,7";
				TEST_TARGET_NAME = DECtalk;
				XROS_DEPLOYMENT_TARGET = 26.0;
			};
			name = Release;
		};
/* End XCBuildConfiguration section */

/* Begin XCConfigurationList section */
		E98F39172EE29795000F37FF /* Build configuration list for PBXProject "DECtalk" */ = {
			isa = XCConfigurationList;
			buildConfigurations = (
				E98F39832EE29796000F37FF /* Debug */,
				E98F39842EE29796000F37FF /* Release */,
			);
			defaultConfigurationIsVisible = 0;
			defaultConfigurationName = Release;
		};
		E98F39802EE29796000F37FF /* Build configuration list for PBXNativeTarget "DECtalkExtension" */ = {
			isa = XCConfigurationList;
			buildConfigurations = (
				E98F39812EE29796000F37FF /* Debug */,
				E98F39822EE29796000F37FF /* Release */,
			);
			defaultConfigurationIsVisible = 0;
			defaultConfigurationName = Release;
		};
		E98F39862EE29796000F37FF /* Build configuration list for PBXNativeTarget "DECtalk" */ = {
			isa = XCConfigurationList;
			buildConfigurations = (
				E98F39872EE29796000F37FF /* Debug */,
				E98F39882EE29796000F37FF /* Release */,
			);
			defaultConfigurationIsVisible = 0;
			defaultConfigurationName = Release;
		};
		E98F39892EE29796000F37FF /* Build configuration list for PBXNativeTarget "DECtalkTests" */ = {
			isa = XCConfigurationList;
			buildConfigurations = (
				E98F398A2EE29796000F37FF /* Debug */,
				E98F398B2EE29796000F37FF /* Release */,
			);
			defaultConfigurationIsVisible = 0;
			defaultConfigurationName = Release;
		};
		E98F398C2EE29796000F37FF /* Build configuration list for PBXNativeTarget "DECtalkUITests" */ = {
			isa = XCConfigurationList;
			buildConfigurations = (
				E98F398D2EE29796000F37FF /* Debug */,
				E98F398E2EE29796000F37FF /* Release */,
			);
			defaultConfigurationIsVisible = 0;
			defaultConfigurationName = Release;
		};
/* End XCConfigurationList section */
	};
	rootObject = E98F39142EE29795000F37FF /* Project object */;
}
